
Microsoft Visual Studio Solution File, Format Version 12.00
# Visual Studio Version 17
VisualStudioVersion = 17.6.33801.468
MinimumVisualStudioVersion = 10.0.40219.1
Project("{8BC9CEB8-8B4A-11D0-8D11-00A0C91BC942}") = "Damas con grafico", "Damas con grafico.vcxproj", "{620BF59E-DDAF-42B2-9C47-084CD14902CE}"
EndProject
Global
	GlobalSection(SolutionConfigurationPlatforms) = preSolution
		Debug|x64 = Debug|x64
		Debug|x86 = Debug|x86
		Release|x64 = Release|x64
		Release|x86 = Release|x86
	EndGlobalSection
	GlobalSection(ProjectConfigurationPlatforms) = postSolution
		{620BF59E-DDAF-42B2-9C47-084CD14902CE}.Debug|x64.ActiveCfg = Debug|x64
		{620BF59E-DDAF-42B2-9C47-084CD14902CE}.Debug|x64.Build.0 = Debug|x64
		{620BF59E-DDAF-42B2-9C47-084CD14902CE}.Debug|x86.ActiveCfg = Debug|Win32
		{620BF59E-DDAF-42B2-9C47-084CD14902CE}.Debug|x86.Build.0 = Debug|Win32
		{620BF59E-DDAF-42B2-9C47-084CD14902CE}.Release|x64.ActiveCfg = Release|x64
		{620BF59E-DDAF-42B2-9C47-084CD14902CE}.Release|x64.Build.0 = Release|x64
		{620BF59E-DDAF-42B2-9C47-084CD14902CE}.Release|x86.ActiveCfg = Release|Win32
		{620BF59E-DDAF-42B2-9C47-084CD14902CE}.Release|x86.Build.0 = Release|Win32
	EndGlobalSection
	GlobalSection(SolutionProperties) = preSolution
		HideSolutionNode = FALSE
	EndGlobalSection
	GlobalSection(ExtensibilityGlobals) = postSolution
		SolutionGuid = {FCCD24B2-6952-4E60-96EB-3FA5A6617D94}
	EndGlobalSection
EndGlobal
